// !$*UTF8*$!
{
	archiveVersion = 1;
	classes = {
	};
	objectVersion = 46;
	objects = {

/* Begin PBXBuildFile section */
		5720A9361D107F27006610B2 /* Camera.swift in Sources */ = {isa = PBXBuildFile; fileRef = 5720A9231D107F27006610B2 /* Camera.swift */; };
		5720A9371D107F27006610B2 /* Console.swift in Sources */ = {isa = PBXBuildFile; fileRef = 5720A9241D107F27006610B2 /* Console.swift */; };
		5720A9381D107F27006610B2 /* Empty.swift in Sources */ = {isa = PBXBuildFile; fileRef = 5720A9251D107F27006610B2 /* Empty.swift */; };
		5720A9391D107F27006610B2 /* Game.swift in Sources */ = {isa = PBXBuildFile; fileRef = 5720A9261D107F27006610B2 /* Game.swift */; };
		5720A93A1D107F27006610B2 /* Line.swift in Sources */ = {isa = PBXBuildFile; fileRef = 5720A9271D107F27006610B2 /* Line.swift */; };
		5720A93B1D107F27006610B2 /* Functions.swift in Sources */ = {isa = PBXBuildFile; fileRef = 5720A9281D107F27006610B2 /* Functions.swift */; };
		5720A93C1D107F27006610B2 /* Player.swift in Sources */ = {isa = PBXBuildFile; fileRef = 5720A9291D107F27006610B2 /* Player.swift */; };
		5720A93E1D107F27006610B2 /* SCNNode.swift in Sources */ = {isa = PBXBuildFile; fileRef = 5720A92B1D107F27006610B2 /* SCNNode.swift */; };
		5720A93F1D107F27006610B2 /* SCNVector3.swift in Sources */ = {isa = PBXBuildFile; fileRef = 5720A92C1D107F27006610B2 /* SCNVector3.swift */; };
		5720A9401D107F27006610B2 /* String.swift in Sources */ = {isa = PBXBuildFile; fileRef = 5720A92D1D107F27006610B2 /* String.swift */; };
		5720A9411D107F27006610B2 /* TODO in Resources */ = {isa = PBXBuildFile; fileRef = 5720A92E1D107F27006610B2 /* TODO */; };
		5720A9421D107F27006610B2 /* Trigger.swift in Sources */ = {isa = PBXBuildFile; fileRef = 5720A92F1D107F27006610B2 /* Trigger.swift */; };
		5720A9431D107F27006610B2 /* UI.swift in Sources */ = {isa = PBXBuildFile; fileRef = 5720A9301D107F27006610B2 /* UI.swift */; };
		5720A9441D107F27006610B2 /* Vignette.Carpet.swift in Sources */ = {isa = PBXBuildFile; fileRef = 5720A9311D107F27006610B2 /* Vignette.Carpet.swift */; };
		5720A9451D107F27006610B2 /* Vignette.Lamp.swift in Sources */ = {isa = PBXBuildFile; fileRef = 5720A9321D107F27006610B2 /* Vignette.Lamp.swift */; };
		5720A9461D107F27006610B2 /* Vignette.Mirror.swift in Sources */ = {isa = PBXBuildFile; fileRef = 5720A9331D107F27006610B2 /* Vignette.Mirror.swift */; };
		5720A9471D107F27006610B2 /* Vignette.swift in Sources */ = {isa = PBXBuildFile; fileRef = 5720A9341D107F27006610B2 /* Vignette.swift */; };
		5720A9481D107F27006610B2 /* World.swift in Sources */ = {isa = PBXBuildFile; fileRef = 5720A9351D107F27006610B2 /* World.swift */; };
		5720A94D1D108074006610B2 /* Layer.swift in Sources */ = {isa = PBXBuildFile; fileRef = 5720A94C1D108074006610B2 /* Layer.swift */; };
		57B59DF11D108A6100A1F52A /* what.png in Resources */ = {isa = PBXBuildFile; fileRef = 57B59DF01D108A6100A1F52A /* what.png */; };
		57B59DF51D109EDE00A1F52A /* Door.swift in Sources */ = {isa = PBXBuildFile; fileRef = 57B59DF41D109EDE00A1F52A /* Door.swift */; };
		57B59DF71D10A6ED00A1F52A /* Collection.swift in Sources */ = {isa = PBXBuildFile; fileRef = 57B59DF61D10A6ED00A1F52A /* Collection.swift */; };
		57B59DFD1D10B2F500A1F52A /* mirror.0.png in Resources */ = {isa = PBXBuildFile; fileRef = 57B59DF81D10B2F500A1F52A /* mirror.0.png */; };
		57B59DFE1D10B2F500A1F52A /* mirror.1.png in Resources */ = {isa = PBXBuildFile; fileRef = 57B59DF91D10B2F500A1F52A /* mirror.1.png */; };
		57B59DFF1D10B2F500A1F52A /* mirror.2.png in Resources */ = {isa = PBXBuildFile; fileRef = 57B59DFA1D10B2F500A1F52A /* mirror.2.png */; };
		57B59E001D10B2F500A1F52A /* mirror.3.png in Resources */ = {isa = PBXBuildFile; fileRef = 57B59DFB1D10B2F500A1F52A /* mirror.3.png */; };
		57B59E041D10BA8600A1F52A /* mirror.floor.png in Resources */ = {isa = PBXBuildFile; fileRef = 57B59E031D10BA8600A1F52A /* mirror.floor.png */; };
		57BEF6CC1D107ED8003BE60D /* AppDelegate.swift in Sources */ = {isa = PBXBuildFile; fileRef = 57BEF6CB1D107ED8003BE60D /* AppDelegate.swift */; };
		57BEF6CE1D107ED8003BE60D /* art.scnassets in Resources */ = {isa = PBXBuildFile; fileRef = 57BEF6CD1D107ED8003BE60D /* art.scnassets */; };
		57BEF6D01D107ED9003BE60D /* GameViewController.swift in Sources */ = {isa = PBXBuildFile; fileRef = 57BEF6CF1D107ED9003BE60D /* GameViewController.swift */; };
		57BEF6D31D107ED9003BE60D /* Main.storyboard in Resources */ = {isa = PBXBuildFile; fileRef = 57BEF6D11D107ED9003BE60D /* Main.storyboard */; };
		57BEF6D51D107ED9003BE60D /* Assets.xcassets in Resources */ = {isa = PBXBuildFile; fileRef = 57BEF6D41D107ED9003BE60D /* Assets.xcassets */; };
		57BEF6D81D107ED9003BE60D /* LaunchScreen.storyboard in Resources */ = {isa = PBXBuildFile; fileRef = 57BEF6D61D107ED9003BE60D /* LaunchScreen.storyboard */; };
/* End PBXBuildFile section */

/* Begin PBXFileReference section */
		5720A9231D107F27006610B2 /* Camera.swift */ = {isa = PBXFileReference; fileEncoding = 4; lastKnownFileType = sourcecode.swift; path = Camera.swift; sourceTree = "<group>"; };
		5720A9241D107F27006610B2 /* Console.swift */ = {isa = PBXFileReference; fileEncoding = 4; lastKnownFileType = sourcecode.swift; path = Console.swift; sourceTree = "<group>"; };
		5720A9251D107F27006610B2 /* Empty.swift */ = {isa = PBXFileReference; fileEncoding = 4; lastKnownFileType = sourcecode.swift; path = Empty.swift; sourceTree = "<group>"; };
		5720A9261D107F27006610B2 /* Game.swift */ = {isa = PBXFileReference; fileEncoding = 4; lastKnownFileType = sourcecode.swift; path = Game.swift; sourceTree = "<group>"; };
		5720A9271D107F27006610B2 /* Line.swift */ = {isa = PBXFileReference; fileEncoding = 4; lastKnownFileType = sourcecode.swift; path = Line.swift; sourceTree = "<group>"; };
		5720A9281D107F27006610B2 /* Functions.swift */ = {isa = PBXFileReference; fileEncoding = 4; lastKnownFileType = sourcecode.swift; path = Functions.swift; sourceTree = "<group>"; };
		5720A9291D107F27006610B2 /* Player.swift */ = {isa = PBXFileReference; fileEncoding = 4; lastKnownFileType = sourcecode.swift; path = Player.swift; sourceTree = "<group>"; };
		5720A92B1D107F27006610B2 /* SCNNode.swift */ = {isa = PBXFileReference; fileEncoding = 4; lastKnownFileType = sourcecode.swift; path = SCNNode.swift; sourceTree = "<group>"; };
		5720A92C1D107F27006610B2 /* SCNVector3.swift */ = {isa = PBXFileReference; fileEncoding = 4; lastKnownFileType = sourcecode.swift; path = SCNVector3.swift; sourceTree = "<group>"; };
		5720A92D1D107F27006610B2 /* String.swift */ = {isa = PBXFileReference; fileEncoding = 4; lastKnownFileType = sourcecode.swift; path = String.swift; sourceTree = "<group>"; };
		5720A92E1D107F27006610B2 /* TODO */ = {isa = PBXFileReference; fileEncoding = 4; lastKnownFileType = text; path = TODO; sourceTree = "<group>"; };
		5720A92F1D107F27006610B2 /* Trigger.swift */ = {isa = PBXFileReference; fileEncoding = 4; lastKnownFileType = sourcecode.swift; path = Trigger.swift; sourceTree = "<group>"; };
		5720A9301D107F27006610B2 /* UI.swift */ = {isa = PBXFileReference; fileEncoding = 4; lastKnownFileType = sourcecode.swift; path = UI.swift; sourceTree = "<group>"; };
		5720A9311D107F27006610B2 /* Vignette.Carpet.swift */ = {isa = PBXFileReference; fileEncoding = 4; lastKnownFileType = sourcecode.swift; path = Vignette.Carpet.swift; sourceTree = "<group>"; };
		5720A9321D107F27006610B2 /* Vignette.Lamp.swift */ = {isa = PBXFileReference; fileEncoding = 4; lastKnownFileType = sourcecode.swift; path = Vignette.Lamp.swift; sourceTree = "<group>"; };
		5720A9331D107F27006610B2 /* Vignette.Mirror.swift */ = {isa = PBXFileReference; fileEncoding = 4; lastKnownFileType = sourcecode.swift; path = Vignette.Mirror.swift; sourceTree = "<group>"; };
		5720A9341D107F27006610B2 /* Vignette.swift */ = {isa = PBXFileReference; fileEncoding = 4; lastKnownFileType = sourcecode.swift; path = Vignette.swift; sourceTree = "<group>"; };
		5720A9351D107F27006610B2 /* World.swift */ = {isa = PBXFileReference; fileEncoding = 4; lastKnownFileType = sourcecode.swift; path = World.swift; sourceTree = "<group>"; };
		5720A94C1D108074006610B2 /* Layer.swift */ = {isa = PBXFileReference; fileEncoding = 4; lastKnownFileType = sourcecode.swift; path = Layer.swift; sourceTree = "<group>"; };
		57B59DF01D108A6100A1F52A /* what.png */ = {isa = PBXFileReference; lastKnownFileType = image.png; path = what.png; sourceTree = "<group>"; };
		57B59DF41D109EDE00A1F52A /* Door.swift */ = {isa = PBXFileReference; fileEncoding = 4; lastKnownFileType = sourcecode.swift; path = Door.swift; sourceTree = "<group>"; };
		57B59DF61D10A6ED00A1F52A /* Collection.swift */ = {isa = PBXFileReference; fileEncoding = 4; lastKnownFileType = sourcecode.swift; path = Collection.swift; sourceTree = "<group>"; };
		57B59DF81D10B2F500A1F52A /* mirror.0.png */ = {isa = PBXFileReference; lastKnownFileType = image.png; name = mirror.0.png; path = Assets/mirror.0.png; sourceTree = "<group>"; };
		57B59DF91D10B2F500A1F52A /* mirror.1.png */ = {isa = PBXFileReference; lastKnownFileType = image.png; name = mirror.1.png; path = Assets/mirror.1.png; sourceTree = "<group>"; };
		57B59DFA1D10B2F500A1F52A /* mirror.2.png */ = {isa = PBXFileReference; lastKnownFileType = image.png; name = mirror.2.png; path = Assets/mirror.2.png; sourceTree = "<group>"; };
		57B59DFB1D10B2F500A1F52A /* mirror.3.png */ = {isa = PBXFileReference; lastKnownFileType = image.png; name = mirror.3.png; path = Assets/mirror.3.png; sourceTree = "<group>"; };
		57B59E031D10BA8600A1F52A /* mirror.floor.png */ = {isa = PBXFileReference; lastKnownFileType = image.png; name = mirror.floor.png; path = Assets/mirror.floor.png; sourceTree = "<group>"; };
		57BEF6C81D107ED8003BE60D /* Kelp.app */ = {isa = PBXFileReference; explicitFileType = wrapper.application; includeInIndex = 0; path = Kelp.app; sourceTree = BUILT_PRODUCTS_DIR; };
		57BEF6CB1D107ED8003BE60D /* AppDelegate.swift */ = {isa = PBXFileReference; lastKnownFileType = sourcecode.swift; path = AppDelegate.swift; sourceTree = "<group>"; };
		57BEF6CD1D107ED8003BE60D /* art.scnassets */ = {isa = PBXFileReference; lastKnownFileType = wrapper.scnassets; path = art.scnassets; sourceTree = "<group>"; };
		57BEF6CF1D107ED9003BE60D /* GameViewController.swift */ = {isa = PBXFileReference; lastKnownFileType = sourcecode.swift; path = GameViewController.swift; sourceTree = "<group>"; };
		57BEF6D21D107ED9003BE60D /* Base */ = {isa = PBXFileReference; lastKnownFileType = file.storyboard; name = Base; path = Base.lproj/Main.storyboard; sourceTree = "<group>"; };
		57BEF6D41D107ED9003BE60D /* Assets.xcassets */ = {isa = PBXFileReference; lastKnownFileType = folder.assetcatalog; path = Assets.xcassets; sourceTree = "<group>"; };
		57BEF6D71D107ED9003BE60D /* Base */ = {isa = PBXFileReference; lastKnownFileType = file.storyboard; name = Base; path = Base.lproj/LaunchScreen.storyboard; sourceTree = "<group>"; };
		57BEF6D91D107ED9003BE60D /* Info.plist */ = {isa = PBXFileReference; lastKnownFileType = text.plist.xml; path = Info.plist; sourceTree = "<group>"; };
/* End PBXFileReference section */

/* Begin PBXFrameworksBuildPhase section */
		57BEF6C51D107ED8003BE60D /* Frameworks */ = {
			isa = PBXFrameworksBuildPhase;
			buildActionMask = 2147483647;
			files = (
			);
			runOnlyForDeploymentPostprocessing = 0;
		};
/* End PBXFrameworksBuildPhase section */

/* Begin PBXGroup section */
		5720A9491D107F58006610B2 /* Vignettes */ = {
			isa = PBXGroup;
			children = (
				5720A9351D107F27006610B2 /* World.swift */,
				57B59DF61D10A6ED00A1F52A /* Collection.swift */,
				5720A9341D107F27006610B2 /* Vignette.swift */,
				5720A9311D107F27006610B2 /* Vignette.Carpet.swift */,
				5720A9321D107F27006610B2 /* Vignette.Lamp.swift */,
				5720A9331D107F27006610B2 /* Vignette.Mirror.swift */,
				5720A94C1D108074006610B2 /* Layer.swift */,
				5720A92F1D107F27006610B2 /* Trigger.swift */,
				57B59DF41D109EDE00A1F52A /* Door.swift */,
			);
			name = Vignettes;
			sourceTree = "<group>";
		};
		5720A94A1D107F6C006610B2 /* Tools */ = {
			isa = PBXGroup;
			children = (
				57B59DF21D108B1800A1F52A /* SCNObjects */,
				57B59DF31D108B2000A1F52A /* Misc */,
			);
			name = Tools;
			sourceTree = "<group>";
		};
		5720A94B1D107F7A006610B2 /* Core */ = {
			isa = PBXGroup;
			children = (
				5720A9231D107F27006610B2 /* Camera.swift */,
				5720A9261D107F27006610B2 /* Game.swift */,
				5720A9291D107F27006610B2 /* Player.swift */,
				5720A9301D107F27006610B2 /* UI.swift */,
			);
			name = Core;
			sourceTree = "<group>";
		};
		57B59DF21D108B1800A1F52A /* SCNObjects */ = {
			isa = PBXGroup;
			children = (
				5720A92B1D107F27006610B2 /* SCNNode.swift */,
				5720A9251D107F27006610B2 /* Empty.swift */,
				5720A9271D107F27006610B2 /* Line.swift */,
			);
			name = SCNObjects;
			sourceTree = "<group>";
		};
		57B59DF31D108B2000A1F52A /* Misc */ = {
			isa = PBXGroup;
			children = (
				5720A9241D107F27006610B2 /* Console.swift */,
				5720A9281D107F27006610B2 /* Functions.swift */,
				5720A92C1D107F27006610B2 /* SCNVector3.swift */,
				5720A92D1D107F27006610B2 /* String.swift */,
			);
			name = Misc;
			sourceTree = "<group>";
		};
		57B59E021D10B2F900A1F52A /* Assets */ = {
			isa = PBXGroup;
			children = (
				57B59E031D10BA8600A1F52A /* mirror.floor.png */,
				57B59DF81D10B2F500A1F52A /* mirror.0.png */,
				57B59DF91D10B2F500A1F52A /* mirror.1.png */,
				57B59DFA1D10B2F500A1F52A /* mirror.2.png */,
				57B59DFB1D10B2F500A1F52A /* mirror.3.png */,
			);
			name = Assets;
			sourceTree = "<group>";
		};
		57BEF6BF1D107ED8003BE60D = {
			isa = PBXGroup;
			children = (
				57BEF6CA1D107ED8003BE60D /* Kelp */,
				57BEF6C91D107ED8003BE60D /* Products */,
			);
			sourceTree = "<group>";
		};
		57BEF6C91D107ED8003BE60D /* Products */ = {
			isa = PBXGroup;
			children = (
				57BEF6C81D107ED8003BE60D /* Kelp.app */,
			);
			name = Products;
			sourceTree = "<group>";
		};
		57BEF6CA1D107ED8003BE60D /* Kelp */ = {
			isa = PBXGroup;
			children = (
				57B59DF01D108A6100A1F52A /* what.png */,
				5720A92E1D107F27006610B2 /* TODO */,
				57BEF6CB1D107ED8003BE60D /* AppDelegate.swift */,
				57BEF6CF1D107ED9003BE60D /* GameViewController.swift */,
				5720A94B1D107F7A006610B2 /* Core */,
				5720A94A1D107F6C006610B2 /* Tools */,
				5720A9491D107F58006610B2 /* Vignettes */,
				57BEF6D11D107ED9003BE60D /* Main.storyboard */,
				57BEF6D61D107ED9003BE60D /* LaunchScreen.storyboard */,
				57B59E021D10B2F900A1F52A /* Assets */,
				57BEF6CD1D107ED8003BE60D /* art.scnassets */,
				57BEF6D41D107ED9003BE60D /* Assets.xcassets */,
				57BEF6D91D107ED9003BE60D /* Info.plist */,
			);
			path = Kelp;
			sourceTree = "<group>";
		};
/* End PBXGroup section */

/* Begin PBXNativeTarget section */
		57BEF6C71D107ED8003BE60D /* Kelp */ = {
			isa = PBXNativeTarget;
			buildConfigurationList = 57BEF6DC1D107ED9003BE60D /* Build configuration list for PBXNativeTarget "Kelp" */;
			buildPhases = (
				57BEF6C41D107ED8003BE60D /* Sources */,
				57BEF6C51D107ED8003BE60D /* Frameworks */,
				57BEF6C61D107ED8003BE60D /* Resources */,
			);
			buildRules = (
			);
			dependencies = (
			);
			name = Kelp;
			productName = Kelp;
			productReference = 57BEF6C81D107ED8003BE60D /* Kelp.app */;
			productType = "com.apple.product-type.application";
		};
/* End PBXNativeTarget section */

/* Begin PBXProject section */
		57BEF6C01D107ED8003BE60D /* Project object */ = {
			isa = PBXProject;
			attributes = {
				LastSwiftUpdateCheck = 0730;
				LastUpgradeCheck = 0730;
				ORGANIZATIONNAME = "Devine Lu Linvega";
				TargetAttributes = {
					57BEF6C71D107ED8003BE60D = {
						CreatedOnToolsVersion = 7.3.1;
					};
				};
			};
			buildConfigurationList = 57BEF6C31D107ED8003BE60D /* Build configuration list for PBXProject "Kelp" */;
			compatibilityVersion = "Xcode 3.2";
			developmentRegion = English;
			hasScannedForEncodings = 0;
			knownRegions = (
				en,
				Base,
			);
			mainGroup = 57BEF6BF1D107ED8003BE60D;
			productRefGroup = 57BEF6C91D107ED8003BE60D /* Products */;
			projectDirPath = "";
			projectRoot = "";
			targets = (
				57BEF6C71D107ED8003BE60D /* Kelp */,
			);
		};
/* End PBXProject section */

/* Begin PBXResourcesBuildPhase section */
		57BEF6C61D107ED8003BE60D /* Resources */ = {
			isa = PBXResourcesBuildPhase;
			buildActionMask = 2147483647;
			files = (
				57B59E001D10B2F500A1F52A /* mirror.3.png in Resources */,
				57BEF6CE1D107ED8003BE60D /* art.scnassets in Resources */,
				57B59E041D10BA8600A1F52A /* mirror.floor.png in Resources */,
				57B59DFE1D10B2F500A1F52A /* mirror.1.png in Resources */,
				5720A9411D107F27006610B2 /* TODO in Resources */,
				57BEF6D81D107ED9003BE60D /* LaunchScreen.storyboard in Resources */,
				57BEF6D51D107ED9003BE60D /* Assets.xcassets in Resources */,
				57BEF6D31D107ED9003BE60D /* Main.storyboard in Resources */,
				57B59DF11D108A6100A1F52A /* what.png in Resources */,
				57B59DFF1D10B2F500A1F52A /* mirror.2.png in Resources */,
				57B59DFD1D10B2F500A1F52A /* mirror.0.png in Resources */,
			);
			runOnlyForDeploymentPostprocessing = 0;
		};
/* End PBXResourcesBuildPhase section */

/* Begin PBXSourcesBuildPhase section */
		57BEF6C41D107ED8003BE60D /* Sources */ = {
			isa = PBXSourcesBuildPhase;
			buildActionMask = 2147483647;
			files = (
				57BEF6D01D107ED9003BE60D /* GameViewController.swift in Sources */,
				5720A9471D107F27006610B2 /* Vignette.swift in Sources */,
				5720A9401D107F27006610B2 /* String.swift in Sources */,
				5720A94D1D108074006610B2 /* Layer.swift in Sources */,
				5720A93B1D107F27006610B2 /* Functions.swift in Sources */,
				5720A9441D107F27006610B2 /* Vignette.Carpet.swift in Sources */,
				5720A9391D107F27006610B2 /* Game.swift in Sources */,
				57B59DF71D10A6ED00A1F52A /* Collection.swift in Sources */,
				5720A9421D107F27006610B2 /* Trigger.swift in Sources */,
				5720A9461D107F27006610B2 /* Vignette.Mirror.swift in Sources */,
				57BEF6CC1D107ED8003BE60D /* AppDelegate.swift in Sources */,
				5720A93F1D107F27006610B2 /* SCNVector3.swift in Sources */,
				5720A9431D107F27006610B2 /* UI.swift in Sources */,
				5720A9451D107F27006610B2 /* Vignette.Lamp.swift in Sources */,
				5720A9381D107F27006610B2 /* Empty.swift in Sources */,
				5720A9481D107F27006610B2 /* World.swift in Sources */,
				5720A9361D107F27006610B2 /* Camera.swift in Sources */,
				57B59DF51D109EDE00A1F52A /* Door.swift in Sources */,
				5720A93A1D107F27006610B2 /* Line.swift in Sources */,
				5720A93E1D107F27006610B2 /* SCNNode.swift in Sources */,
				5720A93C1D107F27006610B2 /* Player.swift in Sources */,
				5720A9371D107F27006610B2 /* Console.swift in Sources */,
			);
			runOnlyForDeploymentPostprocessing = 0;
		};
/* End PBXSourcesBuildPhase section */

/* Begin PBXVariantGroup section */
		57BEF6D11D107ED9003BE60D /* Main.storyboard */ = {
			isa = PBXVariantGroup;
			children = (
				57BEF6D21D107ED9003BE60D /* Base */,
			);
			name = Main.storyboard;
			sourceTree = "<group>";
		};
		57BEF6D61D107ED9003BE60D /* LaunchScreen.storyboard */ = {
			isa = PBXVariantGroup;
			children = (
				57BEF6D71D107ED9003BE60D /* Base */,
			);
			name = LaunchScreen.storyboard;
			sourceTree = "<group>";
		};
/* End PBXVariantGroup section */

/* Begin XCBuildConfiguration section */
		57BEF6DA1D107ED9003BE60D /* Debug */ = {
			isa = XCBuildConfiguration;
			buildSettings = {
				ALWAYS_SEARCH_USER_PATHS = NO;
				CLANG_ANALYZER_NONNULL = YES;
				CLANG_CXX_LANGUAGE_STANDARD = "gnu++0x";
				CLANG_CXX_LIBRARY = "libc++";
				CLANG_ENABLE_MODULES = YES;
				CLANG_ENABLE_OBJC_ARC = YES;
				CLANG_WARN_BOOL_CONVERSION = YES;
				CLANG_WARN_CONSTANT_CONVERSION = YES;
				CLANG_WARN_DIRECT_OBJC_ISA_USAGE = YES_ERROR;
				CLANG_WARN_EMPTY_BODY = YES;
				CLANG_WARN_ENUM_CONVERSION = YES;
				CLANG_WARN_INT_CONVERSION = YES;
				CLANG_WARN_OBJC_ROOT_CLASS = YES_ERROR;
				CLANG_WARN_UNREACHABLE_CODE = YES;
				CLANG_WARN__DUPLICATE_METHOD_MATCH = YES;
				"CODE_SIGN_IDENTITY[sdk=iphoneos*]" = "iPhone Developer";
				COPY_PHASE_STRIP = NO;
				DEBUG_INFORMATION_FORMAT = "dwarf-with-dsym";
				ENABLE_STRICT_OBJC_MSGSEND = YES;
				ENABLE_TESTABILITY = YES;
				GCC_C_LANGUAGE_STANDARD = gnu99;
				GCC_DYNAMIC_NO_PIC = NO;
				GCC_NO_COMMON_BLOCKS = YES;
				GCC_OPTIMIZATION_LEVEL = 0;
				GCC_PREPROCESSOR_DEFINITIONS = (
					"DEBUG=1",
					"$(inherited)",
				);
				GCC_WARN_64_TO_32_BIT_CONVERSION = YES;
				GCC_WARN_ABOUT_RETURN_TYPE = YES_ERROR;
				GCC_WARN_UNDECLARED_SELECTOR = YES;
				GCC_WARN_UNINITIALIZED_AUTOS = YES_AGGRESSIVE;
				GCC_WARN_UNUSED_FUNCTION = YES;
				GCC_WARN_UNUSED_VARIABLE = YES;
				IPHONEOS_DEPLOYMENT_TARGET = 9.3;
				MTL_ENABLE_DEBUG_INFO = YES;
				ONLY_ACTIVE_ARCH = YES;
				SDKROOT = iphoneos;
				SWIFT_OPTIMIZATION_LEVEL = "-Onone";
			};
			name = Debug;
		};
		57BEF6DB1D107ED9003BE60D /* Release */ = {
			isa = XCBuildConfiguration;
			buildSettings = {
				ALWAYS_SEARCH_USER_PATHS = NO;
				CLANG_ANALYZER_NONNULL = YES;
				CLANG_CXX_LANGUAGE_STANDARD = "gnu++0x";
				CLANG_CXX_LIBRARY = "libc++";
				CLANG_ENABLE_MODULES = YES;
				CLANG_ENABLE_OBJC_ARC = YES;
				CLANG_WARN_BOOL_CONVERSION = YES;
				CLANG_WARN_CONSTANT_CONVERSION = YES;
				CLANG_WARN_DIRECT_OBJC_ISA_USAGE = YES_ERROR;
				CLANG_WARN_EMPTY_BODY = YES;
				CLANG_WARN_ENUM_CONVERSION = YES;
				CLANG_WARN_INT_CONVERSION = YES;
				CLANG_WARN_OBJC_ROOT_CLASS = YES_ERROR;
				CLANG_WARN_UNREACHABLE_CODE = YES;
				CLANG_WARN__DUPLICATE_METHOD_MATCH = YES;
				"CODE_SIGN_IDENTITY[sdk=iphoneos*]" = "iPhone Developer";
				COPY_PHASE_STRIP = NO;
				DEBUG_INFORMATION_FORMAT = "dwarf-with-dsym";
				ENABLE_NS_ASSERTIONS = NO;
				ENABLE_STRICT_OBJC_MSGSEND = YES;
				GCC_C_LANGUAGE_STANDARD = gnu99;
				GCC_NO_COMMON_BLOCKS = YES;
				GCC_WARN_64_TO_32_BIT_CONVERSION = YES;
				GCC_WARN_ABOUT_RETURN_TYPE = YES_ERROR;
				GCC_WARN_UNDECLARED_SELECTOR = YES;
				GCC_WARN_UNINITIALIZED_AUTOS = YES_AGGRESSIVE;
				GCC_WARN_UNUSED_FUNCTION = YES;
				GCC_WARN_UNUSED_VARIABLE = YES;
				IPHONEOS_DEPLOYMENT_TARGET = 9.3;
				MTL_ENABLE_DEBUG_INFO = NO;
				SDKROOT = iphoneos;
				VALIDATE_PRODUCT = YES;
			};
			name = Release;
		};
		57BEF6DD1D107ED9003BE60D /* Debug */ = {
			isa = XCBuildConfiguration;
			buildSettings = {
				ASSETCATALOG_COMPILER_APPICON_NAME = AppIcon;
				INFOPLIST_FILE = Kelp/Info.plist;
				LD_RUNPATH_SEARCH_PATHS = "$(inherited) @executable_path/Frameworks";
				PRODUCT_BUNDLE_IDENTIFIER = com.xxiivv.Kelp;
				PRODUCT_NAME = "$(TARGET_NAME)";
			};
			name = Debug;
		};
		57BEF6DE1D107ED9003BE60D /* Release */ = {
			isa = XCBuildConfiguration;
			buildSettings = {
				ASSETCATALOG_COMPILER_APPICON_NAME = AppIcon;
				INFOPLIST_FILE = Kelp/Info.plist;
				LD_RUNPATH_SEARCH_PATHS = "$(inherited) @executable_path/Frameworks";
				PRODUCT_BUNDLE_IDENTIFIER = com.xxiivv.Kelp;
				PRODUCT_NAME = "$(TARGET_NAME)";
			};
			name = Release;
		};
/* End XCBuildConfiguration section */

/* Begin XCConfigurationList section */
		57BEF6C31D107ED8003BE60D /* Build configuration list for PBXProject "Kelp" */ = {
			isa = XCConfigurationList;
			buildConfigurations = (
				57BEF6DA1D107ED9003BE60D /* Debug */,
				57BEF6DB1D107ED9003BE60D /* Release */,
			);
			defaultConfigurationIsVisible = 0;
			defaultConfigurationName = Release;
		};
		57BEF6DC1D107ED9003BE60D /* Build configuration list for PBXNativeTarget "Kelp" */ = {
			isa = XCConfigurationList;
			buildConfigurations = (
				57BEF6DD1D107ED9003BE60D /* Debug */,
				57BEF6DE1D107ED9003BE60D /* Release */,
			);
			defaultConfigurationIsVisible = 0;
			defaultConfigurationName = Release;
		};
/* End XCConfigurationList section */
	};
	rootObject = 57BEF6C01D107ED8003BE60D /* Project object */;
}
